{
  "lockfileVersion": 1,
  "configVersion": 1,
  "workspaces": {
    "": {
      "name": "flora",
      "devDependencies": {
        "@types/bun": "latest",
        "dprint": "^0.50.2",
        "typescript": "^5.7.2",
      },
      "peerDependencies": {
        "typescript": "^5",
      },
    },
    "example": {
      "name": "example",
      "devDependencies": {
        "sdk": "workspace:*",
      },
    },
    "sdk": {
      "name": "sdk",
      "devDependencies": {
        "@types/bun": "latest",
        "@typescript/native-preview": "^7.0.0-dev.20260105.1",
        "oxc-transform": "^0.107.0",
        "rolldown": "^1.0.0-beta.53",
        "rolldown-plugin-dts": "^0.20.0",
      },
      "peerDependencies": {
        "typescript": "^5.9.3",
      },
    },
    "uwu.network": {
      "name": "uwu.network",
      "devDependencies": {
        "sdk": "workspace:*",
      },
    },
  },
  "packages": {
    "@babel/generator": ["@babel/generator@7.28.5", "", { "dependencies": { "@babel/parser": "^7.28.5", "@babel/types": "^7.28.5", "@jridgewell/gen-mapping": "^0.3.12", "@jridgewell/trace-mapping": "^0.3.28", "jsesc": "^3.0.2" } }, "sha512-3EwLFhZ38J4VyIP6WNtt2kUdW9dokXA9Cr4IVIFHuCpZ3H8/YFOl5JjZHisrn1fATPBmKKqXzDFvh9fUwHz6CQ=="],

    "@babel/helper-string-parser": ["@babel/helper-string-parser@7.27.1", "", {}, "sha512-qMlSxKbpRlAridDExk92nSobyDdpPijUq2DW6oDnUqd0iOGxmQjyqhMIihI9+zv4LPyZdRje2cavWPbCbWm3eA=="],

    "@babel/helper-validator-identifier": ["@babel/helper-validator-identifier@7.28.5", "", {}, "sha512-qSs4ifwzKJSV39ucNjsvc6WVHs6b7S03sOh2OcHF9UHfVPqWWALUsNUVzhSBiItjRZoLHx7nIarVjqKVusUZ1Q=="],

    "@babel/parser": ["@babel/parser@7.28.5", "", { "dependencies": { "@babel/types": "^7.28.5" }, "bin": "./bin/babel-parser.js" }, "sha512-KKBU1VGYR7ORr3At5HAtUQ+TV3SzRCXmA/8OdDZiLDBIZxVyzXuztPjfLd3BV1PRAQGCMWWSHYhL0F8d5uHBDQ=="],

    "@babel/types": ["@babel/types@7.28.5", "", { "dependencies": { "@babel/helper-string-parser": "^7.27.1", "@babel/helper-validator-identifier": "^7.28.5" } }, "sha512-qQ5m48eI/MFLQ5PxQj4PFaprjyCTLI37ElWMmNs0K8Lk3dVeOdNpB3ks8jc7yM5CDmVC73eMVk/trk3fgmrUpA=="],

    "@dprint/darwin-arm64": ["@dprint/darwin-arm64@0.50.2", "", { "os": "darwin", "cpu": "arm64" }, "sha512-4d08INZlTxbPW9LK9W8+93viN543/qA2Kxn4azVnPW/xCb2Im03UqJBz8mMm3nJZdtNnK3uTVG3ib1VW+XJisw=="],

    "@dprint/darwin-x64": ["@dprint/darwin-x64@0.50.2", "", { "os": "darwin", "cpu": "x64" }, "sha512-ZXWPBwdLojhdBATq+bKwJvB7D8bIzrD6eR/Xuq9UYE7evQazUiR069d9NPF0iVuzTo6wNf9ub9SXI7qDl11EGA=="],

    "@dprint/linux-arm64-glibc": ["@dprint/linux-arm64-glibc@0.50.2", "", { "os": "linux", "cpu": "arm64" }, "sha512-marxQzRw8atXAnaawwZHeeUaaAVewrGTlFKKcDASGyjPBhc23J5fHPUPremm8xCbgYZyTlokzrV8/1rDRWhJcw=="],

    "@dprint/linux-arm64-musl": ["@dprint/linux-arm64-musl@0.50.2", "", { "os": "linux", "cpu": "arm64" }, "sha512-oGDq44ydzo0ZkJk6RHcUzUN5sOMT5HC6WA8kHXI6tkAsLUkaLO2DzZFfW4aAYZUn+hYNpQfQD8iGew0sjkyLyg=="],

    "@dprint/linux-riscv64-glibc": ["@dprint/linux-riscv64-glibc@0.50.2", "", { "os": "linux", "cpu": "none" }, "sha512-QMmZoZYWsXezDcC03fBOwPfxhTpPEyHqutcgJ0oauN9QcSXGji9NSZITMmtLz2Ki3T1MIvdaLd1goGzNSvNqTQ=="],

    "@dprint/linux-x64-glibc": ["@dprint/linux-x64-glibc@0.50.2", "", { "os": "linux", "cpu": "x64" }, "sha512-KMeHEzb4teQJChTgq8HuQzc+reRNDnarOTGTQovAZ9WNjOtKLViftsKWW5HsnRHtP5nUIPE9rF1QLjJ/gUsqvw=="],

    "@dprint/linux-x64-musl": ["@dprint/linux-x64-musl@0.50.2", "", { "os": "linux", "cpu": "x64" }, "sha512-qM37T7H69g5coBTfE7SsA+KZZaRBky6gaUhPgAYxW+fOsoVtZSVkXtfTtQauHTpqqOEtbxfCtum70Hz1fr1teg=="],

    "@dprint/win32-arm64": ["@dprint/win32-arm64@0.50.2", "", { "os": "win32", "cpu": "arm64" }, "sha512-kuGVHGoxLwssVDsodefUIYQRoO2fQncurH/xKgXiZwMPOSzFcgUzYJQiyqmJEp+PENhO9VT1hXUHZtlyCAWBUQ=="],

    "@dprint/win32-x64": ["@dprint/win32-x64@0.50.2", "", { "os": "win32", "cpu": "x64" }, "sha512-N3l9k31c3IMfVXqL0L6ygIhJFvCIrfQ+Z5Jph6RnCcBO6oDYWeYhAv/qBk1vLsF2y/e79TKsR1tvaEwnrQ03XA=="],

    "@emnapi/core": ["@emnapi/core@1.7.1", "", { "dependencies": { "@emnapi/wasi-threads": "1.1.0", "tslib": "^2.4.0" } }, "sha512-o1uhUASyo921r2XtHYOHy7gdkGLge8ghBEQHMWmyJFoXlpU58kIrhhN3w26lpQb6dspetweapMn2CSNwQ8I4wg=="],

    "@emnapi/runtime": ["@emnapi/runtime@1.7.1", "", { "dependencies": { "tslib": "^2.4.0" } }, "sha512-PVtJr5CmLwYAU9PZDMITZoR5iAOShYREoR45EyyLrbntV50mdePTgUn4AmOw90Ifcj+x2kRjdzr1HP3RrNiHGA=="],

    "@emnapi/wasi-threads": ["@emnapi/wasi-threads@1.1.0", "", { "dependencies": { "tslib": "^2.4.0" } }, "sha512-WI0DdZ8xFSbgMjR1sFsKABJ/C5OnRrjT06JXbZKexJGrDuPTzZdDYfFlsgcCXCyf+suG5QU2e/y1Wo2V/OapLQ=="],

    "@jridgewell/gen-mapping": ["@jridgewell/gen-mapping@0.3.13", "", { "dependencies": { "@jridgewell/sourcemap-codec": "^1.5.0", "@jridgewell/trace-mapping": "^0.3.24" } }, "sha512-2kkt/7niJ6MgEPxF0bYdQ6etZaA+fQvDcLKckhy1yIQOzaoKjBBjSj63/aLVjYE3qhRt5dvM+uUyfCg6UKCBbA=="],

    "@jridgewell/resolve-uri": ["@jridgewell/resolve-uri@3.1.2", "", {}, "sha512-bRISgCIjP20/tbWSPWMEi54QVPRZExkuD9lJL+UIxUKtwVJA8wW1Trb1jMs1RFXo1CBTNZ/5hpC9QvmKWdopKw=="],

    "@jridgewell/sourcemap-codec": ["@jridgewell/sourcemap-codec@1.5.5", "", {}, "sha512-cYQ9310grqxueWbl+WuIUIaiUaDcj7WOq5fVhEljNVgRfOUhY9fy2zTvfoqWsnebh8Sl70VScFbICvJnLKB0Og=="],

    "@jridgewell/trace-mapping": ["@jridgewell/trace-mapping@0.3.31", "", { "dependencies": { "@jridgewell/resolve-uri": "^3.1.0", "@jridgewell/sourcemap-codec": "^1.4.14" } }, "sha512-zzNR+SdQSDJzc8joaeP8QQoCQr8NuYx2dIIytl1QeBEZHJ9uW6hebsrYgbz8hJwUQao3TWCMtmfV8Nu1twOLAw=="],

    "@napi-rs/wasm-runtime": ["@napi-rs/wasm-runtime@1.1.1", "", { "dependencies": { "@emnapi/core": "^1.7.1", "@emnapi/runtime": "^1.7.1", "@tybys/wasm-util": "^0.10.1" } }, "sha512-p64ah1M1ld8xjWv3qbvFwHiFVWrq1yFvV4f7w+mzaqiR4IlSgkqhcRdHwsGgomwzBH51sRY4NEowLxnaBjcW/A=="],

    "@oxc-project/types": ["@oxc-project/types@0.101.0", "", {}, "sha512-nuFhqlUzJX+gVIPPfuE6xurd4lST3mdcWOhyK/rZO0B9XWMKm79SuszIQEnSMmmDhq1DC8WWVYGVd+6F93o1gQ=="],

    "@oxc-transform/binding-android-arm-eabi": ["@oxc-transform/binding-android-arm-eabi@0.107.0", "", { "os": "android", "cpu": "arm" }, "sha512-YFAKgq4NuyAEf1goTaFO+Bd8KBJO6Q4nhYqV/BTZxw4gKI18AGyfZbgbdTxP8ezgGYOjlVLoHsCUaHCXMyLTyQ=="],

    "@oxc-transform/binding-android-arm64": ["@oxc-transform/binding-android-arm64@0.107.0", "", { "os": "android", "cpu": "arm64" }, "sha512-5dlfce4fLp8yaGOpKG8xQ2GaovyqbEc4cKysajNeh+4zWh5QukY+xZgSRqGky0dJAdljf1u2G+aHFKpFSJZROg=="],

    "@oxc-transform/binding-darwin-arm64": ["@oxc-transform/binding-darwin-arm64@0.107.0", "", { "os": "darwin", "cpu": "arm64" }, "sha512-/sYLVFQdwBZy+OOUwEC3Z54EcUKhZclkORkPLSKTqid9u7kV8shjIzRlYvmvkjSiXcAfrjTnKQQW7JdP7b4pgA=="],

    "@oxc-transform/binding-darwin-x64": ["@oxc-transform/binding-darwin-x64@0.107.0", "", { "os": "darwin", "cpu": "x64" }, "sha512-l+p38Dn7x3QkMEL8nMN3qcrWihe0738fKCuOdP8Ol+U9eUxqmCubBr/tT7eTkYomI7wmKt0mmUNAnBtEMsP8Hw=="],

    "@oxc-transform/binding-freebsd-x64": ["@oxc-transform/binding-freebsd-x64@0.107.0", "", { "os": "freebsd", "cpu": "x64" }, "sha512-Jf6j/+IhBWzJ+S0VkBF6ORS+CcedYdcpNJNkNUZZmKHPKWH0koygA7uzvBAk4aCOOHrWJ9SvtMNMpX+eXJl0rQ=="],

    "@oxc-transform/binding-linux-arm-gnueabihf": ["@oxc-transform/binding-linux-arm-gnueabihf@0.107.0", "", { "os": "linux", "cpu": "arm" }, "sha512-Sj5c+tNANJ5dXeaw1OoYM7uak6QrOrHXDvCsmgTzpKulkInTRjt0Fox244jXHoI1mI7oy2Ql6BGxVUPSgjKdBg=="],

    "@oxc-transform/binding-linux-arm-musleabihf": ["@oxc-transform/binding-linux-arm-musleabihf@0.107.0", "", { "os": "linux", "cpu": "arm" }, "sha512-8QL0Z6oY6/WyMBigD2lxHDd0QZ1l4BScwbbbIgd9TCHYIU30yKebG1lhZjjYGCDwHMIRZGIkWe3QkMqekrQcog=="],

    "@oxc-transform/binding-linux-arm64-gnu": ["@oxc-transform/binding-linux-arm64-gnu@0.107.0", "", { "os": "linux", "cpu": "arm64" }, "sha512-4JO63MC0GFvRKWCr/HOuYJiC3his5Def1rQHKlvsnoso4hWoFMFe8ovlZwbQGyInOGoh+AzneWTrPHxWZPL8cA=="],

    "@oxc-transform/binding-linux-arm64-musl": ["@oxc-transform/binding-linux-arm64-musl@0.107.0", "", { "os": "linux", "cpu": "arm64" }, "sha512-BEhpjsw2itpJFvBoGWbuyqe7yIroOhPrpjXkYXmLG4ITXyfh6DxOGddpwD5YiIbGcJwct6CAufb6SKrym7wA4g=="],

    "@oxc-transform/binding-linux-ppc64-gnu": ["@oxc-transform/binding-linux-ppc64-gnu@0.107.0", "", { "os": "linux", "cpu": "ppc64" }, "sha512-Ksqr9UcoURU3ZrNUQrkZUlsQ9pta+X0E2Sspt7PY7GXFRUU8jqde/pabdega1EyxbG26KtEmQWITZC7uMnNMKQ=="],

    "@oxc-transform/binding-linux-riscv64-gnu": ["@oxc-transform/binding-linux-riscv64-gnu@0.107.0", "", { "os": "linux", "cpu": "none" }, "sha512-abM06UUQc5BLs1LQj6+o+UZr3GR815gMnh82aI0ij+TuPuan355rNJyewySic+IjLi35DzwzTNl6ooDYDMKSJw=="],

    "@oxc-transform/binding-linux-riscv64-musl": ["@oxc-transform/binding-linux-riscv64-musl@0.107.0", "", { "os": "linux", "cpu": "none" }, "sha512-Ien3+97MmPMoOv0AMO6dE5rPwxRFBWzLIADZQf+aBLkSoPwuh7lduFsKZRIdRqhwwUbOrTzMezl9nxpiXlJxPw=="],

    "@oxc-transform/binding-linux-s390x-gnu": ["@oxc-transform/binding-linux-s390x-gnu@0.107.0", "", { "os": "linux", "cpu": "s390x" }, "sha512-hYIDp9tX2gqOPxHZQAUCnYdSLzyJFD4S0bDQi0nHktxWvDeThK4W2He0sA480F9hDzebtfPORcMekJadIkgX2w=="],

    "@oxc-transform/binding-linux-x64-gnu": ["@oxc-transform/binding-linux-x64-gnu@0.107.0", "", { "os": "linux", "cpu": "x64" }, "sha512-Pjx7vE0Eg7XjVWNPZ7NYRKE7IKWiC2JX4rxNnjFsVy9zmMzC2PWFVDve5Aqbir6V5xEQP0AT65mmrSpCvxoZyw=="],

    "@oxc-transform/binding-linux-x64-musl": ["@oxc-transform/binding-linux-x64-musl@0.107.0", "", { "os": "linux", "cpu": "x64" }, "sha512-ae4jiBdaCcXVLUA7sF438QasbK4SsuJ0LrXEojjWzssnqSvVHAE77Ljm/UMkb/TaUpzVN6cc0rOZyblHu9WJtw=="],

    "@oxc-transform/binding-openharmony-arm64": ["@oxc-transform/binding-openharmony-arm64@0.107.0", "", { "os": "none", "cpu": "arm64" }, "sha512-C5LOVOMZIzXQqfkBrYsJSZoP8XshdYiS+fZFY89pqhxN5Gur9P9ohMEmI4HHTyGHLTHr0NpgNNy9gczmFNjifg=="],

    "@oxc-transform/binding-wasm32-wasi": ["@oxc-transform/binding-wasm32-wasi@0.107.0", "", { "dependencies": { "@napi-rs/wasm-runtime": "^1.1.1" }, "cpu": "none" }, "sha512-8mvH8OBy1XRaz64Rv5oRqneQBS+OnJft8RdfUu7cMvY6egbRs6fmgR7eK09v8I1IOd2NjNZh4ceDVzTJY8RoRQ=="],

    "@oxc-transform/binding-win32-arm64-msvc": ["@oxc-transform/binding-win32-arm64-msvc@0.107.0", "", { "os": "win32", "cpu": "arm64" }, "sha512-QkNUn164eM+ZFhcqwEWEa1fdDu0bMMouUc7sOge9Tz1Rrtdh9pyRY/Py6ueXNahgKfdl+OSAdvx2R5Ovs/TXCA=="],

    "@oxc-transform/binding-win32-ia32-msvc": ["@oxc-transform/binding-win32-ia32-msvc@0.107.0", "", { "os": "win32", "cpu": "ia32" }, "sha512-moocSOxVOhyGJ/aMEsnu/5m42igKzS1WW0xfO11XYhpT39Jy965s92u4c3F8ExtutJQSYwrZRPG0tXqIImFHpw=="],

    "@oxc-transform/binding-win32-x64-msvc": ["@oxc-transform/binding-win32-x64-msvc@0.107.0", "", { "os": "win32", "cpu": "x64" }, "sha512-dz/yY+c4832akxvhoBIfHP6RddERWZatQ5nXPBip79kioIHgwYWCm3To7PgAcbT+cMbuVm4TZCgWlvdSZs4C1w=="],

    "@rolldown/binding-android-arm64": ["@rolldown/binding-android-arm64@1.0.0-beta.53", "", { "os": "android", "cpu": "arm64" }, "sha512-Ok9V8o7o6YfSdTTYA/uHH30r3YtOxLD6G3wih/U9DO0ucBBFq8WPt/DslU53OgfteLRHITZny9N/qCUxMf9kjQ=="],

    "@rolldown/binding-darwin-arm64": ["@rolldown/binding-darwin-arm64@1.0.0-beta.53", "", { "os": "darwin", "cpu": "arm64" }, "sha512-yIsKqMz0CtRnVa6x3Pa+mzTihr4Ty+Z6HfPbZ7RVbk1Uxnco4+CUn7Qbm/5SBol1JD/7nvY8rphAgyAi7Lj6Vg=="],

    "@rolldown/binding-darwin-x64": ["@rolldown/binding-darwin-x64@1.0.0-beta.53", "", { "os": "darwin", "cpu": "x64" }, "sha512-GTXe+mxsCGUnJOFMhfGWmefP7Q9TpYUseHvhAhr21nCTgdS8jPsvirb0tJwM3lN0/u/cg7bpFNa16fQrjKrCjQ=="],

    "@rolldown/binding-freebsd-x64": ["@rolldown/binding-freebsd-x64@1.0.0-beta.53", "", { "os": "freebsd", "cpu": "x64" }, "sha512-9Tmp7bBvKqyDkMcL4e089pH3RsjD3SUungjmqWtyhNOxoQMh0fSmINTyYV8KXtE+JkxYMPWvnEt+/mfpVCkk8w=="],

    "@rolldown/binding-linux-arm-gnueabihf": ["@rolldown/binding-linux-arm-gnueabihf@1.0.0-beta.53", "", { "os": "linux", "cpu": "arm" }, "sha512-a1y5fiB0iovuzdbjUxa7+Zcvgv+mTmlGGC4XydVIsyl48eoxgaYkA3l9079hyTyhECsPq+mbr0gVQsFU11OJAQ=="],

    "@rolldown/binding-linux-arm64-gnu": ["@rolldown/binding-linux-arm64-gnu@1.0.0-beta.53", "", { "os": "linux", "cpu": "arm64" }, "sha512-bpIGX+ov9PhJYV+wHNXl9rzq4F0QvILiURn0y0oepbQx+7stmQsKA0DhPGwmhfvF856wq+gbM8L92SAa/CBcLg=="],

    "@rolldown/binding-linux-arm64-musl": ["@rolldown/binding-linux-arm64-musl@1.0.0-beta.53", "", { "os": "linux", "cpu": "arm64" }, "sha512-bGe5EBB8FVjHBR1mOLOPEFg1Lp3//7geqWkU5NIhxe+yH0W8FVrQ6WRYOap4SUTKdklD/dC4qPLREkMMQ855FA=="],

    "@rolldown/binding-linux-x64-gnu": ["@rolldown/binding-linux-x64-gnu@1.0.0-beta.53", "", { "os": "linux", "cpu": "x64" }, "sha512-qL+63WKVQs1CMvFedlPt0U9PiEKJOAL/bsHMKUDS6Vp2Q+YAv/QLPu8rcvkfIMvQ0FPU2WL0aX4eWwF6e/GAnA=="],

    "@rolldown/binding-linux-x64-musl": ["@rolldown/binding-linux-x64-musl@1.0.0-beta.53", "", { "os": "linux", "cpu": "x64" }, "sha512-VGl9JIGjoJh3H8Mb+7xnVqODajBmrdOOb9lxWXdcmxyI+zjB2sux69br0hZJDTyLJfvBoYm439zPACYbCjGRmw=="],

    "@rolldown/binding-openharmony-arm64": ["@rolldown/binding-openharmony-arm64@1.0.0-beta.53", "", { "os": "none", "cpu": "arm64" }, "sha512-B4iIserJXuSnNzA5xBLFUIjTfhNy7d9sq4FUMQY3GhQWGVhS2RWWzzDnkSU6MUt7/aHUrep0CdQfXUJI9D3W7A=="],

    "@rolldown/binding-wasm32-wasi": ["@rolldown/binding-wasm32-wasi@1.0.0-beta.53", "", { "dependencies": { "@napi-rs/wasm-runtime": "^1.1.0" }, "cpu": "none" }, "sha512-BUjAEgpABEJXilGq/BPh7jeU3WAJ5o15c1ZEgHaDWSz3LB881LQZnbNJHmUiM4d1JQWMYYyR1Y490IBHi2FPJg=="],

    "@rolldown/binding-win32-arm64-msvc": ["@rolldown/binding-win32-arm64-msvc@1.0.0-beta.53", "", { "os": "win32", "cpu": "arm64" }, "sha512-s27uU7tpCWSjHBnxyVXHt3rMrQdJq5MHNv3BzsewCIroIw3DJFjMH1dzCPPMUFxnh1r52Nf9IJ/eWp6LDoyGcw=="],

    "@rolldown/binding-win32-x64-msvc": ["@rolldown/binding-win32-x64-msvc@1.0.0-beta.53", "", { "os": "win32", "cpu": "x64" }, "sha512-cjWL/USPJ1g0en2htb4ssMjIycc36RvdQAx1WlXnS6DpULswiUTVXPDesTifSKYSyvx24E0YqQkEm0K/M2Z/AA=="],

    "@rolldown/pluginutils": ["@rolldown/pluginutils@1.0.0-beta.53", "", {}, "sha512-vENRlFU4YbrwVqNDZ7fLvy+JR1CRkyr01jhSiDpE1u6py3OMzQfztQU2jxykW3ALNxO4kSlqIDeYyD0Y9RcQeQ=="],

    "@tybys/wasm-util": ["@tybys/wasm-util@0.10.1", "", { "dependencies": { "tslib": "^2.4.0" } }, "sha512-9tTaPJLSiejZKx+Bmog4uSubteqTvFrVrURwkmHixBo0G4seD0zUxp98E1DzUBJxLQ3NPwXrGKDiVjwx/DpPsg=="],

    "@types/bun": ["@types/bun@1.3.4", "", { "dependencies": { "bun-types": "1.3.4" } }, "sha512-EEPTKXHP+zKGPkhRLv+HI0UEX8/o+65hqARxLy8Ov5rIxMBPNTjeZww00CIihrIQGEQBYg+0roO5qOnS/7boGA=="],

    "@types/node": ["@types/node@24.10.2", "", { "dependencies": { "undici-types": "~7.16.0" } }, "sha512-WOhQTZ4G8xZ1tjJTvKOpyEVSGgOTvJAfDK3FNFgELyaTpzhdgHVHeqW8V+UJvzF5BT+/B54T/1S2K6gd9c7bbA=="],

    "@typescript/native-preview": ["@typescript/native-preview@7.0.0-dev.20260105.1", "", { "optionalDependencies": { "@typescript/native-preview-darwin-arm64": "7.0.0-dev.20260105.1", "@typescript/native-preview-darwin-x64": "7.0.0-dev.20260105.1", "@typescript/native-preview-linux-arm": "7.0.0-dev.20260105.1", "@typescript/native-preview-linux-arm64": "7.0.0-dev.20260105.1", "@typescript/native-preview-linux-x64": "7.0.0-dev.20260105.1", "@typescript/native-preview-win32-arm64": "7.0.0-dev.20260105.1", "@typescript/native-preview-win32-x64": "7.0.0-dev.20260105.1" }, "bin": { "tsgo": "bin/tsgo.js" } }, "sha512-PjmhqnN/jRDLxG/5EuCe8AlW1QUEOjcDJQsxarQmMbrdW5DbSDnYUvWbYbJescXefeK0v3FUQmp7HAOCFQ7I/w=="],

    "@typescript/native-preview-darwin-arm64": ["@typescript/native-preview-darwin-arm64@7.0.0-dev.20260105.1", "", { "os": "darwin", "cpu": "arm64" }, "sha512-d+CJrdiElzHuckgsXLHlBRLbHsgzWqQuSVOZ/raF6cvBKjylnphNPx+CdtOpZrBCic0M30Q/UfTV6StMDhjIrQ=="],

    "@typescript/native-preview-darwin-x64": ["@typescript/native-preview-darwin-x64@7.0.0-dev.20260105.1", "", { "os": "darwin", "cpu": "x64" }, "sha512-ntgJZDSNh7tqw2bfBuEEqhwUbuALLTLY4E/pLdCC8vaL/2QrNcTuDZX23hcLa7pQL6ML2OVvEH1MC7A1BUO/WA=="],

    "@typescript/native-preview-linux-arm": ["@typescript/native-preview-linux-arm@7.0.0-dev.20260105.1", "", { "os": "linux", "cpu": "arm" }, "sha512-Pv8aEc9OKG++9dPzyWwZRXt1WEHH7saAYpGrYWKnR0mMDt8yRRPX2g9ReCSFLJ/9ji3nvBg3n/wUXDXOdMQDDg=="],

    "@typescript/native-preview-linux-arm64": ["@typescript/native-preview-linux-arm64@7.0.0-dev.20260105.1", "", { "os": "linux", "cpu": "arm64" }, "sha512-uBj+8EPCZ8bFSosovwmgF16r4NXHgq0Wc3Ddg48KDqUl9njsVjWbg6jv3H5OXm7nnLKgRzmq9B30cHuWhlKsMg=="],

    "@typescript/native-preview-linux-x64": ["@typescript/native-preview-linux-x64@7.0.0-dev.20260105.1", "", { "os": "linux", "cpu": "x64" }, "sha512-vy1IpYseSpIP6X0TKnejwKH75LO06VfI7DRV9ShqgHC6Ybd7AdrTrXlna13sFF6FuD8vd3ZefesbS4n4d0Ywzw=="],

    "@typescript/native-preview-win32-arm64": ["@typescript/native-preview-win32-arm64@7.0.0-dev.20260105.1", "", { "os": "win32", "cpu": "arm64" }, "sha512-EFSpj3zgVsYTztgeuxhOlOpx0hr2vTVxPyccEHfiseMcAjkAsbdoSeYSLZFZyW2JXqJtq6N3YWsGGKzoyP0f+Q=="],

    "@typescript/native-preview-win32-x64": ["@typescript/native-preview-win32-x64@7.0.0-dev.20260105.1", "", { "os": "win32", "cpu": "x64" }, "sha512-UK0+xTxu6UZA8isOThWT9LOAl6LB1WyYFLC0ijno4SWwQCIbnJi3wjnAkBxRyM8h46DUaDYpXfHVkpYwhdExhg=="],

    "ast-kit": ["ast-kit@2.2.0", "", { "dependencies": { "@babel/parser": "^7.28.5", "pathe": "^2.0.3" } }, "sha512-m1Q/RaVOnTp9JxPX+F+Zn7IcLYMzM8kZofDImfsKZd8MbR+ikdOzTeztStWqfrqIxZnYWryyI9ePm3NGjnZgGw=="],

    "birpc": ["birpc@4.0.0", "", {}, "sha512-LShSxJP0KTmd101b6DRyGBj57LZxSDYWKitQNW/mi8GRMvZb078Uf9+pveax1DrVL89vm7mWe+TovdI/UDOuPw=="],

    "bun-types": ["bun-types@1.3.4", "", { "dependencies": { "@types/node": "*" } }, "sha512-5ua817+BZPZOlNaRgGBpZJOSAQ9RQ17pkwPD0yR7CfJg+r8DgIILByFifDTa+IPDDxzf5VNhtNlcKqFzDgJvlQ=="],

    "dprint": ["dprint@0.50.2", "", { "optionalDependencies": { "@dprint/darwin-arm64": "0.50.2", "@dprint/darwin-x64": "0.50.2", "@dprint/linux-arm64-glibc": "0.50.2", "@dprint/linux-arm64-musl": "0.50.2", "@dprint/linux-riscv64-glibc": "0.50.2", "@dprint/linux-x64-glibc": "0.50.2", "@dprint/linux-x64-musl": "0.50.2", "@dprint/win32-arm64": "0.50.2", "@dprint/win32-x64": "0.50.2" }, "bin": { "dprint": "bin.js" } }, "sha512-+0Fzg+17jsMMUouK00/Fara5YtGOuE76EAJINHB8VpkXHd0n00rMXtw/03qorOgz23eo8Y0UpYvNZBJJo3aNtw=="],

    "dts-resolver": ["dts-resolver@2.1.3", "", { "peerDependencies": { "oxc-resolver": ">=11.0.0" }, "optionalPeers": ["oxc-resolver"] }, "sha512-bihc7jPC90VrosXNzK0LTE2cuLP6jr0Ro8jk+kMugHReJVLIpHz/xadeq3MhuwyO4TD4OA3L1Q8pBBFRc08Tsw=="],

    "example": ["example@workspace:example"],

    "get-tsconfig": ["get-tsconfig@4.13.0", "", { "dependencies": { "resolve-pkg-maps": "^1.0.0" } }, "sha512-1VKTZJCwBrvbd+Wn3AOgQP/2Av+TfTCOlE4AcRJE72W1ksZXbAx8PPBR9RzgTeSPzlPMHrbANMH3LbltH73wxQ=="],

    "jsesc": ["jsesc@3.1.0", "", { "bin": { "jsesc": "bin/jsesc" } }, "sha512-/sM3dO2FOzXjKQhJuo0Q173wf2KOo8t4I8vHy6lF9poUp7bKT0/NHE8fPX23PwfhnykfqnC2xRxOnVw5XuGIaA=="],

    "obug": ["obug@2.1.1", "", {}, "sha512-uTqF9MuPraAQ+IsnPf366RG4cP9RtUi7MLO1N3KEc+wb0a6yKpeL0lmk2IB1jY5KHPAlTc6T/JRdC/YqxHNwkQ=="],

    "oxc-transform": ["oxc-transform@0.107.0", "", { "optionalDependencies": { "@oxc-transform/binding-android-arm-eabi": "0.107.0", "@oxc-transform/binding-android-arm64": "0.107.0", "@oxc-transform/binding-darwin-arm64": "0.107.0", "@oxc-transform/binding-darwin-x64": "0.107.0", "@oxc-transform/binding-freebsd-x64": "0.107.0", "@oxc-transform/binding-linux-arm-gnueabihf": "0.107.0", "@oxc-transform/binding-linux-arm-musleabihf": "0.107.0", "@oxc-transform/binding-linux-arm64-gnu": "0.107.0", "@oxc-transform/binding-linux-arm64-musl": "0.107.0", "@oxc-transform/binding-linux-ppc64-gnu": "0.107.0", "@oxc-transform/binding-linux-riscv64-gnu": "0.107.0", "@oxc-transform/binding-linux-riscv64-musl": "0.107.0", "@oxc-transform/binding-linux-s390x-gnu": "0.107.0", "@oxc-transform/binding-linux-x64-gnu": "0.107.0", "@oxc-transform/binding-linux-x64-musl": "0.107.0", "@oxc-transform/binding-openharmony-arm64": "0.107.0", "@oxc-transform/binding-wasm32-wasi": "0.107.0", "@oxc-transform/binding-win32-arm64-msvc": "0.107.0", "@oxc-transform/binding-win32-ia32-msvc": "0.107.0", "@oxc-transform/binding-win32-x64-msvc": "0.107.0" } }, "sha512-vAjfqpgIIndkXjDChfvScPcRytpYkOcARhaqi6n85Op+dMRqa3ZvavMFQSZejG1Oc0nht0P8bZFZlCFKQqNIqw=="],

    "pathe": ["pathe@2.0.3", "", {}, "sha512-WUjGcAqP1gQacoQe+OBJsFA7Ld4DyXuUIjZ5cc75cLHvJ7dtNsTugphxIADwspS+AraAUePCKrSVtPLFj/F88w=="],

    "resolve-pkg-maps": ["resolve-pkg-maps@1.0.0", "", {}, "sha512-seS2Tj26TBVOC2NIc2rOe2y2ZO7efxITtLZcGSOnHHNOQ7CkiUBfw0Iw2ck6xkIhPwLhKNLS8BO+hEpngQlqzw=="],

    "rolldown": ["rolldown@1.0.0-beta.53", "", { "dependencies": { "@oxc-project/types": "=0.101.0", "@rolldown/pluginutils": "1.0.0-beta.53" }, "optionalDependencies": { "@rolldown/binding-android-arm64": "1.0.0-beta.53", "@rolldown/binding-darwin-arm64": "1.0.0-beta.53", "@rolldown/binding-darwin-x64": "1.0.0-beta.53", "@rolldown/binding-freebsd-x64": "1.0.0-beta.53", "@rolldown/binding-linux-arm-gnueabihf": "1.0.0-beta.53", "@rolldown/binding-linux-arm64-gnu": "1.0.0-beta.53", "@rolldown/binding-linux-arm64-musl": "1.0.0-beta.53", "@rolldown/binding-linux-x64-gnu": "1.0.0-beta.53", "@rolldown/binding-linux-x64-musl": "1.0.0-beta.53", "@rolldown/binding-openharmony-arm64": "1.0.0-beta.53", "@rolldown/binding-wasm32-wasi": "1.0.0-beta.53", "@rolldown/binding-win32-arm64-msvc": "1.0.0-beta.53", "@rolldown/binding-win32-x64-msvc": "1.0.0-beta.53" }, "bin": { "rolldown": "bin/cli.mjs" } }, "sha512-Qd9c2p0XKZdgT5AYd+KgAMggJ8ZmCs3JnS9PTMWkyUfteKlfmKtxJbWTHkVakxwXs1Ub7jrRYVeFeF7N0sQxyw=="],

    "rolldown-plugin-dts": ["rolldown-plugin-dts@0.20.0", "", { "dependencies": { "@babel/generator": "^7.28.5", "@babel/parser": "^7.28.5", "@babel/types": "^7.28.5", "ast-kit": "^2.2.0", "birpc": "^4.0.0", "dts-resolver": "^2.1.3", "get-tsconfig": "^4.13.0", "obug": "^2.1.1" }, "peerDependencies": { "@ts-macro/tsc": "^0.3.6", "@typescript/native-preview": ">=7.0.0-dev.20250601.1", "rolldown": "^1.0.0-beta.57", "typescript": "^5.0.0", "vue-tsc": "~3.2.0" }, "optionalPeers": ["@ts-macro/tsc", "@typescript/native-preview", "typescript", "vue-tsc"] }, "sha512-cLAY1kN2ilTYMfZcFlGWbXnu6Nb+8uwUBsi+Mjbh4uIx7IN8uMOmJ7RxrrRgPsO4H7eSz3E+JwGoL1gyugiyUA=="],

    "sdk": ["sdk@workspace:sdk"],

    "tslib": ["tslib@2.8.1", "", {}, "sha512-oJFu94HQb+KVduSUQL7wnpmqnfmLsOA/nAh6b6EH0wCEoK0/mPeXU6c3wKDV83MkOuHPRHtSXKKU99IBazS/2w=="],

    "typescript": ["typescript@5.9.3", "", { "bin": { "tsc": "bin/tsc", "tsserver": "bin/tsserver" } }, "sha512-jl1vZzPDinLr9eUt3J/t7V6FgNEw9QjvBPdysz9KfQDD41fQrC2Y4vKQdiaUpFT4bXlb1RHhLpp8wtm6M5TgSw=="],

    "undici-types": ["undici-types@7.16.0", "", {}, "sha512-Zz+aZWSj8LE6zoxD+xrjh4VfkIG8Ya6LvYkZqtUQGJPZjYl53ypCaUwWqo7eI0x66KBGeRo+mlBEkMSeSZ38Nw=="],

    "uwu.network": ["uwu.network@workspace:uwu.network"],

    "@rolldown/binding-wasm32-wasi/@napi-rs/wasm-runtime": ["@napi-rs/wasm-runtime@1.1.0", "", { "dependencies": { "@emnapi/core": "^1.7.1", "@emnapi/runtime": "^1.7.1", "@tybys/wasm-util": "^0.10.1" } }, "sha512-Fq6DJW+Bb5jaWE69/qOE0D1TUN9+6uWhCeZpdnSBk14pjLcCWR7Q8n49PTSPHazM37JqrsdpEthXy2xn6jWWiA=="],

    "sdk/@types/bun": ["@types/bun@1.3.5", "", { "dependencies": { "bun-types": "1.3.5" } }, "sha512-RnygCqNrd3srIPEWBd5LFeUYG7plCoH2Yw9WaZGyNmdTEei+gWaHqydbaIRkIkcbXwhBT94q78QljxN0Sk838w=="],

    "sdk/@types/bun/bun-types": ["bun-types@1.3.5", "", { "dependencies": { "@types/node": "*" } }, "sha512-inmAYe2PFLs0SUbFOWSVD24sg1jFlMPxOjOSSCYqUgn4Hsc3rDc7dFvfVYjFPNHtov6kgUeulV4SxbuIV/stPw=="],
  }
}
