lockfileVersion: '9.0'

settings:
  autoInstallPeers: true
  excludeLinksFromLockfile: false

overrides:
  vite: npm:@voidzero-dev/vite-plus-core@0.0.0-833c515fa25cef20905a7f9affb156dfa6f151ab
  vitest: npm:@voidzero-dev/vite-plus-test@0.0.0-833c515fa25cef20905a7f9affb156dfa6f151ab

importers:

  .:
    devDependencies:
      '@uwu/flora-sdk':
        specifier: workspace:*
        version: link:../../sdk
